
Microsoft Visual Studio Solution File, Format Version 12.00
# Visual Studio 14
VisualStudioVersion = 14.0.25420.1
MinimumVisualStudioVersion = 10.0.40219.1
Project("{2150E333-8FDC-42A3-9474-1A3956D46DE8}") = "Business Logic Layer", "Business Logic Layer", "{2DA616BB-8023-4947-8E12-7E6B49D990A2}"
EndProject
Project("{2150E333-8FDC-42A3-9474-1A3956D46DE8}") = "Common", "Common", "{6E2C1544-A9EF-4F32-A547-6935CB8AB24D}"
EndProject
Project("{2150E333-8FDC-42A3-9474-1A3956D46DE8}") = "Database Access Layer", "Database Access Layer", "{6E23AAF8-5121-4C36-BFEB-3123B4213DA0}"
EndProject
Project("{2150E333-8FDC-42A3-9474-1A3956D46DE8}") = "Web", "Web", "{13109F20-91E3-4EC1-89FB-8F5261B593F8}"
EndProject
Project("{FAE04EC0-301F-11D3-BF4B-00C04F79EFBC}") = "BusinessEntities", "BusinessEntities\BusinessEntities.csproj", "{2D8C2D5F-389C-4FB0-840B-8F86351518B9}"
EndProject
Project("{FAE04EC0-301F-11D3-BF4B-00C04F79EFBC}") = "BusinessEntityManager", "BusinessEntityManager\BusinessEntityManager.csproj", "{FCCE4151-2B64-44A9-84E7-10C7470F7C64}"
EndProject
Project("{FAE04EC0-301F-11D3-BF4B-00C04F79EFBC}") = "ViewModel", "ViewModel\ViewModel.csproj", "{4CD5DDA0-8153-42E8-A24D-FE4E2F2F8070}"
EndProject
Project("{FAE04EC0-301F-11D3-BF4B-00C04F79EFBC}") = "AutoMapper", "AutoMapper\AutoMapper.csproj", "{CAF1106C-DDDA-47AC-AF74-79BE7221C341}"
EndProject
Project("{FAE04EC0-301F-11D3-BF4B-00C04F79EFBC}") = "Bootstraper", "Bootstraper\Bootstraper.csproj", "{D45BFD14-0FB8-4A35-8624-10D44D09B99C}"
EndProject
Project("{FAE04EC0-301F-11D3-BF4B-00C04F79EFBC}") = "Caching", "Caching\Caching.csproj", "{E86D407B-138F-4A06-B14E-48044DF57E1E}"
EndProject
Project("{FAE04EC0-301F-11D3-BF4B-00C04F79EFBC}") = "Interfaces", "Interfaces\Interfaces.csproj", "{459E4C84-F18B-417A-9443-76306EB0FEE0}"
EndProject
Global
	GlobalSection(SolutionConfigurationPlatforms) = preSolution
		Debug|Any CPU = Debug|Any CPU
		Release|Any CPU = Release|Any CPU
	EndGlobalSection
	GlobalSection(ProjectConfigurationPlatforms) = postSolution
		{2D8C2D5F-389C-4FB0-840B-8F86351518B9}.Debug|Any CPU.ActiveCfg = Debug|Any CPU
		{2D8C2D5F-389C-4FB0-840B-8F86351518B9}.Debug|Any CPU.Build.0 = Debug|Any CPU
		{2D8C2D5F-389C-4FB0-840B-8F86351518B9}.Release|Any CPU.ActiveCfg = Release|Any CPU
		{2D8C2D5F-389C-4FB0-840B-8F86351518B9}.Release|Any CPU.Build.0 = Release|Any CPU
		{FCCE4151-2B64-44A9-84E7-10C7470F7C64}.Debug|Any CPU.ActiveCfg = Debug|Any CPU
		{FCCE4151-2B64-44A9-84E7-10C7470F7C64}.Debug|Any CPU.Build.0 = Debug|Any CPU
		{FCCE4151-2B64-44A9-84E7-10C7470F7C64}.Release|Any CPU.ActiveCfg = Release|Any CPU
		{FCCE4151-2B64-44A9-84E7-10C7470F7C64}.Release|Any CPU.Build.0 = Release|Any CPU
		{4CD5DDA0-8153-42E8-A24D-FE4E2F2F8070}.Debug|Any CPU.ActiveCfg = Debug|Any CPU
		{4CD5DDA0-8153-42E8-A24D-FE4E2F2F8070}.Debug|Any CPU.Build.0 = Debug|Any CPU
		{4CD5DDA0-8153-42E8-A24D-FE4E2F2F8070}.Release|Any CPU.ActiveCfg = Release|Any CPU
		{4CD5DDA0-8153-42E8-A24D-FE4E2F2F8070}.Release|Any CPU.Build.0 = Release|Any CPU
		{CAF1106C-DDDA-47AC-AF74-79BE7221C341}.Debug|Any CPU.ActiveCfg = Debug|Any CPU
		{CAF1106C-DDDA-47AC-AF74-79BE7221C341}.Debug|Any CPU.Build.0 = Debug|Any CPU
		{CAF1106C-DDDA-47AC-AF74-79BE7221C341}.Release|Any CPU.ActiveCfg = Release|Any CPU
		{CAF1106C-DDDA-47AC-AF74-79BE7221C341}.Release|Any CPU.Build.0 = Release|Any CPU
		{D45BFD14-0FB8-4A35-8624-10D44D09B99C}.Debug|Any CPU.ActiveCfg = Debug|Any CPU
		{D45BFD14-0FB8-4A35-8624-10D44D09B99C}.Debug|Any CPU.Build.0 = Debug|Any CPU
		{D45BFD14-0FB8-4A35-8624-10D44D09B99C}.Release|Any CPU.ActiveCfg = Release|Any CPU
		{D45BFD14-0FB8-4A35-8624-10D44D09B99C}.Release|Any CPU.Build.0 = Release|Any CPU
		{E86D407B-138F-4A06-B14E-48044DF57E1E}.Debug|Any CPU.ActiveCfg = Debug|Any CPU
		{E86D407B-138F-4A06-B14E-48044DF57E1E}.Debug|Any CPU.Build.0 = Debug|Any CPU
		{E86D407B-138F-4A06-B14E-48044DF57E1E}.Release|Any CPU.ActiveCfg = Release|Any CPU
		{E86D407B-138F-4A06-B14E-48044DF57E1E}.Release|Any CPU.Build.0 = Release|Any CPU
		{459E4C84-F18B-417A-9443-76306EB0FEE0}.Debug|Any CPU.ActiveCfg = Debug|Any CPU
		{459E4C84-F18B-417A-9443-76306EB0FEE0}.Debug|Any CPU.Build.0 = Debug|Any CPU
		{459E4C84-F18B-417A-9443-76306EB0FEE0}.Release|Any CPU.ActiveCfg = Release|Any CPU
		{459E4C84-F18B-417A-9443-76306EB0FEE0}.Release|Any CPU.Build.0 = Release|Any CPU
	EndGlobalSection
	GlobalSection(SolutionProperties) = preSolution
		HideSolutionNode = FALSE
	EndGlobalSection
	GlobalSection(NestedProjects) = preSolution
		{2D8C2D5F-389C-4FB0-840B-8F86351518B9} = {2DA616BB-8023-4947-8E12-7E6B49D990A2}
		{FCCE4151-2B64-44A9-84E7-10C7470F7C64} = {2DA616BB-8023-4947-8E12-7E6B49D990A2}
		{4CD5DDA0-8153-42E8-A24D-FE4E2F2F8070} = {2DA616BB-8023-4947-8E12-7E6B49D990A2}
		{CAF1106C-DDDA-47AC-AF74-79BE7221C341} = {6E2C1544-A9EF-4F32-A547-6935CB8AB24D}
		{D45BFD14-0FB8-4A35-8624-10D44D09B99C} = {6E2C1544-A9EF-4F32-A547-6935CB8AB24D}
		{E86D407B-138F-4A06-B14E-48044DF57E1E} = {6E2C1544-A9EF-4F32-A547-6935CB8AB24D}
		{459E4C84-F18B-417A-9443-76306EB0FEE0} = {6E2C1544-A9EF-4F32-A547-6935CB8AB24D}
	EndGlobalSection
EndGlobal
